
Microsoft Visual Studio Solution File, Format Version 12.00
# Visual Studio 15
VisualStudioVersion = 15.0.27004.2010
MinimumVisualStudioVersion = 10.0.40219.1
Project("{FAE04EC0-301F-11D3-BF4B-00C04F79EFBC}") = "AllocationApp.Android", "AllocationApp\AllocationApp.Android\AllocationApp.Android.csproj", "{B86505BF-916D-4AB6-9D32-467354D6D15E}"
EndProject
Project("{FAE04EC0-301F-11D3-BF4B-00C04F79EFBC}") = "AllocationApp", "AllocationApp\AllocationApp\AllocationApp.csproj", "{86958729-8AC8-4C59-8D16-CDA2EE0C1E1E}"
EndProject
Project("{FAE04EC0-301F-11D3-BF4B-00C04F79EFBC}") = "AllocationApp.UWP", "AllocationApp\AllocationApp.UWP\AllocationApp.UWP.csproj", "{2B1DC928-7CC9-4D04-9141-A36CF860AE56}"
EndProject
Project("{FAE04EC0-301F-11D3-BF4B-00C04F79EFBC}") = "AllocationApp.iOS", "AllocationApp\AllocationApp.iOS\AllocationApp.iOS.csproj", "{B29585EA-6AD5-40EC-BB05-2027B940A140}"
EndProject
Global
	GlobalSection(SolutionConfigurationPlatforms) = preSolution
		Ad-Hoc|Any CPU = Ad-Hoc|Any CPU
		Ad-Hoc|ARM = Ad-Hoc|ARM
		Ad-Hoc|iPhone = Ad-Hoc|iPhone
		Ad-Hoc|iPhoneSimulator = Ad-Hoc|iPhoneSimulator
		Ad-Hoc|x64 = Ad-Hoc|x64
		Ad-Hoc|x86 = Ad-Hoc|x86
		AppStore|Any CPU = AppStore|Any CPU
		AppStore|ARM = AppStore|ARM
		AppStore|iPhone = AppStore|iPhone
		AppStore|iPhoneSimulator = AppStore|iPhoneSimulator
		AppStore|x64 = AppStore|x64
		AppStore|x86 = AppStore|x86
		Debug|Any CPU = Debug|Any CPU
		Debug|ARM = Debug|ARM
		Debug|iPhone = Debug|iPhone
		Debug|iPhoneSimulator = Debug|iPhoneSimulator
		Debug|x64 = Debug|x64
		Debug|x86 = Debug|x86
		Release|Any CPU = Release|Any CPU
		Release|ARM = Release|ARM
		Release|iPhone = Release|iPhone
		Release|iPhoneSimulator = Release|iPhoneSimulator
		Release|x64 = Release|x64
		Release|x86 = Release|x86
	EndGlobalSection
	GlobalSection(ProjectConfigurationPlatforms) = postSolution
		{B86505BF-916D-4AB6-9D32-467354D6D15E}.Ad-Hoc|Any CPU.ActiveCfg = Release|Any CPU
		{B86505BF-916D-4AB6-9D32-467354D6D15E}.Ad-Hoc|Any CPU.Build.0 = Release|Any CPU
		{B86505BF-916D-4AB6-9D32-467354D6D15E}.Ad-Hoc|Any CPU.Deploy.0 = Release|Any CPU
		{B86505BF-916D-4AB6-9D32-467354D6D15E}.Ad-Hoc|ARM.ActiveCfg = Release|Any CPU
		{B86505BF-916D-4AB6-9D32-467354D6D15E}.Ad-Hoc|ARM.Build.0 = Release|Any CPU
		{B86505BF-916D-4AB6-9D32-467354D6D15E}.Ad-Hoc|ARM.Deploy.0 = Release|Any CPU
		{B86505BF-916D-4AB6-9D32-467354D6D15E}.Ad-Hoc|iPhone.ActiveCfg = Release|Any CPU
		{B86505BF-916D-4AB6-9D32-467354D6D15E}.Ad-Hoc|iPhone.Build.0 = Release|Any CPU
		{B86505BF-916D-4AB6-9D32-467354D6D15E}.Ad-Hoc|iPhone.Deploy.0 = Release|Any CPU
		{B86505BF-916D-4AB6-9D32-467354D6D15E}.Ad-Hoc|iPhoneSimulator.ActiveCfg = Release|Any CPU
		{B86505BF-916D-4AB6-9D32-467354D6D15E}.Ad-Hoc|iPhoneSimulator.Build.0 = Release|Any CPU
		{B86505BF-916D-4AB6-9D32-467354D6D15E}.Ad-Hoc|iPhoneSimulator.Deploy.0 = Release|Any CPU
		{B86505BF-916D-4AB6-9D32-467354D6D15E}.Ad-Hoc|x64.ActiveCfg = Release|Any CPU
		{B86505BF-916D-4AB6-9D32-467354D6D15E}.Ad-Hoc|x64.Build.0 = Release|Any CPU
		{B86505BF-916D-4AB6-9D32-467354D6D15E}.Ad-Hoc|x64.Deploy.0 = Release|Any CPU
		{B86505BF-916D-4AB6-9D32-467354D6D15E}.Ad-Hoc|x86.ActiveCfg = Release|Any CPU
		{B86505BF-916D-4AB6-9D32-467354D6D15E}.Ad-Hoc|x86.Build.0 = Release|Any CPU
		{B86505BF-916D-4AB6-9D32-467354D6D15E}.Ad-Hoc|x86.Deploy.0 = Release|Any CPU
		{B86505BF-916D-4AB6-9D32-467354D6D15E}.AppStore|Any CPU.ActiveCfg = Release|Any CPU
		{B86505BF-916D-4AB6-9D32-467354D6D15E}.AppStore|Any CPU.Build.0 = Release|Any CPU
		{B86505BF-916D-4AB6-9D32-467354D6D15E}.AppStore|Any CPU.Deploy.0 = Release|Any CPU
		{B86505BF-916D-4AB6-9D32-467354D6D15E}.AppStore|ARM.ActiveCfg = Release|Any CPU
		{B86505BF-916D-4AB6-9D32-467354D6D15E}.AppStore|ARM.Build.0 = Release|Any CPU
		{B86505BF-916D-4AB6-9D32-467354D6D15E}.AppStore|ARM.Deploy.0 = Release|Any CPU
		{B86505BF-916D-4AB6-9D32-467354D6D15E}.AppStore|iPhone.ActiveCfg = Release|Any CPU
		{B86505BF-916D-4AB6-9D32-467354D6D15E}.AppStore|iPhone.Build.0 = Release|Any CPU
		{B86505BF-916D-4AB6-9D32-467354D6D15E}.AppStore|iPhone.Deploy.0 = Release|Any CPU
		{B86505BF-916D-4AB6-9D32-467354D6D15E}.AppStore|iPhoneSimulator.ActiveCfg = Release|Any CPU
		{B86505BF-916D-4AB6-9D32-467354D6D15E}.AppStore|iPhoneSimulator.Build.0 = Release|Any CPU
		{B86505BF-916D-4AB6-9D32-467354D6D15E}.AppStore|iPhoneSimulator.Deploy.0 = Release|Any CPU
		{B86505BF-916D-4AB6-9D32-467354D6D15E}.AppStore|x64.ActiveCfg = Release|Any CPU
		{B86505BF-916D-4AB6-9D32-467354D6D15E}.AppStore|x64.Build.0 = Release|Any CPU
		{B86505BF-916D-4AB6-9D32-467354D6D15E}.AppStore|x64.Deploy.0 = Release|Any CPU
		{B86505BF-916D-4AB6-9D32-467354D6D15E}.AppStore|x86.ActiveCfg = Release|Any CPU
		{B86505BF-916D-4AB6-9D32-467354D6D15E}.AppStore|x86.Build.0 = Release|Any CPU
		{B86505BF-916D-4AB6-9D32-467354D6D15E}.AppStore|x86.Deploy.0 = Release|Any CPU
		{B86505BF-916D-4AB6-9D32-467354D6D15E}.Debug|Any CPU.ActiveCfg = Debug|Any CPU
		{B86505BF-916D-4AB6-9D32-467354D6D15E}.Debug|Any CPU.Build.0 = Debug|Any CPU
		{B86505BF-916D-4AB6-9D32-467354D6D15E}.Debug|Any CPU.Deploy.0 = Debug|Any CPU
		{B86505BF-916D-4AB6-9D32-467354D6D15E}.Debug|ARM.ActiveCfg = Debug|Any CPU
		{B86505BF-916D-4AB6-9D32-467354D6D15E}.Debug|ARM.Build.0 = Debug|Any CPU
		{B86505BF-916D-4AB6-9D32-467354D6D15E}.Debug|ARM.Deploy.0 = Debug|Any CPU
		{B86505BF-916D-4AB6-9D32-467354D6D15E}.Debug|iPhone.ActiveCfg = Debug|Any CPU
		{B86505BF-916D-4AB6-9D32-467354D6D15E}.Debug|iPhone.Build.0 = Debug|Any CPU
		{B86505BF-916D-4AB6-9D32-467354D6D15E}.Debug|iPhone.Deploy.0 = Debug|Any CPU
		{B86505BF-916D-4AB6-9D32-467354D6D15E}.Debug|iPhoneSimulator.ActiveCfg = Debug|Any CPU
		{B86505BF-916D-4AB6-9D32-467354D6D15E}.Debug|iPhoneSimulator.Build.0 = Debug|Any CPU
		{B86505BF-916D-4AB6-9D32-467354D6D15E}.Debug|iPhoneSimulator.Deploy.0 = Debug|Any CPU
		{B86505BF-916D-4AB6-9D32-467354D6D15E}.Debug|x64.ActiveCfg = Debug|Any CPU
		{B86505BF-916D-4AB6-9D32-467354D6D15E}.Debug|x64.Build.0 = Debug|Any CPU
		{B86505BF-916D-4AB6-9D32-467354D6D15E}.Debug|x64.Deploy.0 = Debug|Any CPU
		{B86505BF-916D-4AB6-9D32-467354D6D15E}.Debug|x86.ActiveCfg = Debug|Any CPU
		{B86505BF-916D-4AB6-9D32-467354D6D15E}.Debug|x86.Build.0 = Debug|Any CPU
		{B86505BF-916D-4AB6-9D32-467354D6D15E}.Debug|x86.Deploy.0 = Debug|Any CPU
		{B86505BF-916D-4AB6-9D32-467354D6D15E}.Release|Any CPU.ActiveCfg = Release|Any CPU
		{B86505BF-916D-4AB6-9D32-467354D6D15E}.Release|Any CPU.Build.0 = Release|Any CPU
		{B86505BF-916D-4AB6-9D32-467354D6D15E}.Release|Any CPU.Deploy.0 = Release|Any CPU
		{B86505BF-916D-4AB6-9D32-467354D6D15E}.Release|ARM.ActiveCfg = Release|Any CPU
		{B86505BF-916D-4AB6-9D32-467354D6D15E}.Release|ARM.Build.0 = Release|Any CPU
		{B86505BF-916D-4AB6-9D32-467354D6D15E}.Release|ARM.Deploy.0 = Release|Any CPU
		{B86505BF-916D-4AB6-9D32-467354D6D15E}.Release|iPhone.ActiveCfg = Release|Any CPU
		{B86505BF-916D-4AB6-9D32-467354D6D15E}.Release|iPhone.Build.0 = Release|Any CPU
		{B86505BF-916D-4AB6-9D32-467354D6D15E}.Release|iPhone.Deploy.0 = Release|Any CPU
		{B86505BF-916D-4AB6-9D32-467354D6D15E}.Release|iPhoneSimulator.ActiveCfg = Release|Any CPU
		{B86505BF-916D-4AB6-9D32-467354D6D15E}.Release|iPhoneSimulator.Build.0 = Release|Any CPU
		{B86505BF-916D-4AB6-9D32-467354D6D15E}.Release|iPhoneSimulator.Deploy.0 = Release|Any CPU
		{B86505BF-916D-4AB6-9D32-467354D6D15E}.Release|x64.ActiveCfg = Release|Any CPU
		{B86505BF-916D-4AB6-9D32-467354D6D15E}.Release|x64.Build.0 = Release|Any CPU
		{B86505BF-916D-4AB6-9D32-467354D6D15E}.Release|x64.Deploy.0 = Release|Any CPU
		{B86505BF-916D-4AB6-9D32-467354D6D15E}.Release|x86.ActiveCfg = Release|Any CPU
		{B86505BF-916D-4AB6-9D32-467354D6D15E}.Release|x86.Build.0 = Release|Any CPU
		{B86505BF-916D-4AB6-9D32-467354D6D15E}.Release|x86.Deploy.0 = Release|Any CPU
		{86958729-8AC8-4C59-8D16-CDA2EE0C1E1E}.Ad-Hoc|Any CPU.ActiveCfg = Release|Any CPU
		{86958729-8AC8-4C59-8D16-CDA2EE0C1E1E}.Ad-Hoc|Any CPU.Build.0 = Release|Any CPU
		{86958729-8AC8-4C59-8D16-CDA2EE0C1E1E}.Ad-Hoc|ARM.ActiveCfg = Release|Any CPU
		{86958729-8AC8-4C59-8D16-CDA2EE0C1E1E}.Ad-Hoc|ARM.Build.0 = Release|Any CPU
		{86958729-8AC8-4C59-8D16-CDA2EE0C1E1E}.Ad-Hoc|iPhone.ActiveCfg = Release|Any CPU
		{86958729-8AC8-4C59-8D16-CDA2EE0C1E1E}.Ad-Hoc|iPhone.Build.0 = Release|Any CPU
		{86958729-8AC8-4C59-8D16-CDA2EE0C1E1E}.Ad-Hoc|iPhoneSimulator.ActiveCfg = Release|Any CPU
		{86958729-8AC8-4C59-8D16-CDA2EE0C1E1E}.Ad-Hoc|iPhoneSimulator.Build.0 = Release|Any CPU
		{86958729-8AC8-4C59-8D16-CDA2EE0C1E1E}.Ad-Hoc|x64.ActiveCfg = Release|Any CPU
		{86958729-8AC8-4C59-8D16-CDA2EE0C1E1E}.Ad-Hoc|x64.Build.0 = Release|Any CPU
		{86958729-8AC8-4C59-8D16-CDA2EE0C1E1E}.Ad-Hoc|x86.ActiveCfg = Release|Any CPU
		{86958729-8AC8-4C59-8D16-CDA2EE0C1E1E}.Ad-Hoc|x86.Build.0 = Release|Any CPU
		{86958729-8AC8-4C59-8D16-CDA2EE0C1E1E}.AppStore|Any CPU.ActiveCfg = Release|Any CPU
		{86958729-8AC8-4C59-8D16-CDA2EE0C1E1E}.AppStore|Any CPU.Build.0 = Release|Any CPU
		{86958729-8AC8-4C59-8D16-CDA2EE0C1E1E}.AppStore|ARM.ActiveCfg = Release|Any CPU
		{86958729-8AC8-4C59-8D16-CDA2EE0C1E1E}.AppStore|ARM.Build.0 = Release|Any CPU
		{86958729-8AC8-4C59-8D16-CDA2EE0C1E1E}.AppStore|iPhone.ActiveCfg = Release|Any CPU
		{86958729-8AC8-4C59-8D16-CDA2EE0C1E1E}.AppStore|iPhone.Build.0 = Release|Any CPU
		{86958729-8AC8-4C59-8D16-CDA2EE0C1E1E}.AppStore|iPhoneSimulator.ActiveCfg = Release|Any CPU
		{86958729-8AC8-4C59-8D16-CDA2EE0C1E1E}.AppStore|iPhoneSimulator.Build.0 = Release|Any CPU
		{86958729-8AC8-4C59-8D16-CDA2EE0C1E1E}.AppStore|x64.ActiveCfg = Release|Any CPU
		{86958729-8AC8-4C59-8D16-CDA2EE0C1E1E}.AppStore|x64.Build.0 = Release|Any CPU
		{86958729-8AC8-4C59-8D16-CDA2EE0C1E1E}.AppStore|x86.ActiveCfg = Release|Any CPU
		{86958729-8AC8-4C59-8D16-CDA2EE0C1E1E}.AppStore|x86.Build.0 = Release|Any CPU
		{86958729-8AC8-4C59-8D16-CDA2EE0C1E1E}.Debug|Any CPU.ActiveCfg = Debug|Any CPU
		{86958729-8AC8-4C59-8D16-CDA2EE0C1E1E}.Debug|Any CPU.Build.0 = Debug|Any CPU
		{86958729-8AC8-4C59-8D16-CDA2EE0C1E1E}.Debug|ARM.ActiveCfg = Debug|Any CPU
		{86958729-8AC8-4C59-8D16-CDA2EE0C1E1E}.Debug|ARM.Build.0 = Debug|Any CPU
		{86958729-8AC8-4C59-8D16-CDA2EE0C1E1E}.Debug|iPhone.ActiveCfg = Debug|Any CPU
		{86958729-8AC8-4C59-8D16-CDA2EE0C1E1E}.Debug|iPhone.Build.0 = Debug|Any CPU
		{86958729-8AC8-4C59-8D16-CDA2EE0C1E1E}.Debug|iPhoneSimulator.ActiveCfg = Debug|Any CPU
		{86958729-8AC8-4C59-8D16-CDA2EE0C1E1E}.Debug|iPhoneSimulator.Build.0 = Debug|Any CPU
		{86958729-8AC8-4C59-8D16-CDA2EE0C1E1E}.Debug|x64.ActiveCfg = Debug|Any CPU
		{86958729-8AC8-4C59-8D16-CDA2EE0C1E1E}.Debug|x64.Build.0 = Debug|Any CPU
		{86958729-8AC8-4C59-8D16-CDA2EE0C1E1E}.Debug|x86.ActiveCfg = Debug|Any CPU
		{86958729-8AC8-4C59-8D16-CDA2EE0C1E1E}.Debug|x86.Build.0 = Debug|Any CPU
		{86958729-8AC8-4C59-8D16-CDA2EE0C1E1E}.Release|Any CPU.ActiveCfg = Release|Any CPU
		{86958729-8AC8-4C59-8D16-CDA2EE0C1E1E}.Release|Any CPU.Build.0 = Release|Any CPU
		{86958729-8AC8-4C59-8D16-CDA2EE0C1E1E}.Release|ARM.ActiveCfg = Release|Any CPU
		{86958729-8AC8-4C59-8D16-CDA2EE0C1E1E}.Release|ARM.Build.0 = Release|Any CPU
		{86958729-8AC8-4C59-8D16-CDA2EE0C1E1E}.Release|iPhone.ActiveCfg = Release|Any CPU
		{86958729-8AC8-4C59-8D16-CDA2EE0C1E1E}.Release|iPhone.Build.0 = Release|Any CPU
		{86958729-8AC8-4C59-8D16-CDA2EE0C1E1E}.Release|iPhoneSimulator.ActiveCfg = Release|Any CPU
		{86958729-8AC8-4C59-8D16-CDA2EE0C1E1E}.Release|iPhoneSimulator.Build.0 = Release|Any CPU
		{86958729-8AC8-4C59-8D16-CDA2EE0C1E1E}.Release|x64.ActiveCfg = Release|Any CPU
		{86958729-8AC8-4C59-8D16-CDA2EE0C1E1E}.Release|x64.Build.0 = Release|Any CPU
		{86958729-8AC8-4C59-8D16-CDA2EE0C1E1E}.Release|x86.ActiveCfg = Release|Any CPU
		{86958729-8AC8-4C59-8D16-CDA2EE0C1E1E}.Release|x86.Build.0 = Release|Any CPU
		{2B1DC928-7CC9-4D04-9141-A36CF860AE56}.Ad-Hoc|Any CPU.ActiveCfg = Release|x86
		{2B1DC928-7CC9-4D04-9141-A36CF860AE56}.Ad-Hoc|Any CPU.Build.0 = Release|x86
		{2B1DC928-7CC9-4D04-9141-A36CF860AE56}.Ad-Hoc|Any CPU.Deploy.0 = Release|x86
		{2B1DC928-7CC9-4D04-9141-A36CF860AE56}.Ad-Hoc|ARM.ActiveCfg = Release|ARM
		{2B1DC928-7CC9-4D04-9141-A36CF860AE56}.Ad-Hoc|ARM.Build.0 = Release|ARM
		{2B1DC928-7CC9-4D04-9141-A36CF860AE56}.Ad-Hoc|ARM.Deploy.0 = Release|ARM
		{2B1DC928-7CC9-4D04-9141-A36CF860AE56}.Ad-Hoc|iPhone.ActiveCfg = Release|x86
		{2B1DC928-7CC9-4D04-9141-A36CF860AE56}.Ad-Hoc|iPhone.Build.0 = Release|x86
		{2B1DC928-7CC9-4D04-9141-A36CF860AE56}.Ad-Hoc|iPhone.Deploy.0 = Release|x86
		{2B1DC928-7CC9-4D04-9141-A36CF860AE56}.Ad-Hoc|iPhoneSimulator.ActiveCfg = Release|x86
		{2B1DC928-7CC9-4D04-9141-A36CF860AE56}.Ad-Hoc|iPhoneSimulator.Build.0 = Release|x86
		{2B1DC928-7CC9-4D04-9141-A36CF860AE56}.Ad-Hoc|iPhoneSimulator.Deploy.0 = Release|x86
		{2B1DC928-7CC9-4D04-9141-A36CF860AE56}.Ad-Hoc|x64.ActiveCfg = Release|x64
		{2B1DC928-7CC9-4D04-9141-A36CF860AE56}.Ad-Hoc|x64.Build.0 = Release|x64
		{2B1DC928-7CC9-4D04-9141-A36CF860AE56}.Ad-Hoc|x64.Deploy.0 = Release|x64
		{2B1DC928-7CC9-4D04-9141-A36CF860AE56}.Ad-Hoc|x86.ActiveCfg = Release|x86
		{2B1DC928-7CC9-4D04-9141-A36CF860AE56}.Ad-Hoc|x86.Build.0 = Release|x86
		{2B1DC928-7CC9-4D04-9141-A36CF860AE56}.Ad-Hoc|x86.Deploy.0 = Release|x86
		{2B1DC928-7CC9-4D04-9141-A36CF860AE56}.AppStore|Any CPU.ActiveCfg = Release|x86
		{2B1DC928-7CC9-4D04-9141-A36CF860AE56}.AppStore|Any CPU.Build.0 = Release|x86
		{2B1DC928-7CC9-4D04-9141-A36CF860AE56}.AppStore|Any CPU.Deploy.0 = Release|x86
		{2B1DC928-7CC9-4D04-9141-A36CF860AE56}.AppStore|ARM.ActiveCfg = Release|ARM
		{2B1DC928-7CC9-4D04-9141-A36CF860AE56}.AppStore|ARM.Build.0 = Release|ARM
		{2B1DC928-7CC9-4D04-9141-A36CF860AE56}.AppStore|ARM.Deploy.0 = Release|ARM
		{2B1DC928-7CC9-4D04-9141-A36CF860AE56}.AppStore|iPhone.ActiveCfg = Release|x86
		{2B1DC928-7CC9-4D04-9141-A36CF860AE56}.AppStore|iPhone.Build.0 = Release|x86
		{2B1DC928-7CC9-4D04-9141-A36CF860AE56}.AppStore|iPhone.Deploy.0 = Release|x86
		{2B1DC928-7CC9-4D04-9141-A36CF860AE56}.AppStore|iPhoneSimulator.ActiveCfg = Release|x86
		{2B1DC928-7CC9-4D04-9141-A36CF860AE56}.AppStore|iPhoneSimulator.Build.0 = Release|x86
		{2B1DC928-7CC9-4D04-9141-A36CF860AE56}.AppStore|iPhoneSimulator.Deploy.0 = Release|x86
		{2B1DC928-7CC9-4D04-9141-A36CF860AE56}.AppStore|x64.ActiveCfg = Release|x64
		{2B1DC928-7CC9-4D04-9141-A36CF860AE56}.AppStore|x64.Build.0 = Release|x64
		{2B1DC928-7CC9-4D04-9141-A36CF860AE56}.AppStore|x64.Deploy.0 = Release|x64
		{2B1DC928-7CC9-4D04-9141-A36CF860AE56}.AppStore|x86.ActiveCfg = Release|x86
		{2B1DC928-7CC9-4D04-9141-A36CF860AE56}.AppStore|x86.Build.0 = Release|x86
		{2B1DC928-7CC9-4D04-9141-A36CF860AE56}.AppStore|x86.Deploy.0 = Release|x86
		{2B1DC928-7CC9-4D04-9141-A36CF860AE56}.Debug|Any CPU.ActiveCfg = Debug|x86
		{2B1DC928-7CC9-4D04-9141-A36CF860AE56}.Debug|ARM.ActiveCfg = Debug|ARM
		{2B1DC928-7CC9-4D04-9141-A36CF860AE56}.Debug|ARM.Build.0 = Debug|ARM
		{2B1DC928-7CC9-4D04-9141-A36CF860AE56}.Debug|ARM.Deploy.0 = Debug|ARM
		{2B1DC928-7CC9-4D04-9141-A36CF860AE56}.Debug|iPhone.ActiveCfg = Debug|x86
		{2B1DC928-7CC9-4D04-9141-A36CF860AE56}.Debug|iPhoneSimulator.ActiveCfg = Debug|x86
		{2B1DC928-7CC9-4D04-9141-A36CF860AE56}.Debug|x64.ActiveCfg = Debug|x64
		{2B1DC928-7CC9-4D04-9141-A36CF860AE56}.Debug|x64.Build.0 = Debug|x64
		{2B1DC928-7CC9-4D04-9141-A36CF860AE56}.Debug|x64.Deploy.0 = Debug|x64
		{2B1DC928-7CC9-4D04-9141-A36CF860AE56}.Debug|x86.ActiveCfg = Debug|x86
		{2B1DC928-7CC9-4D04-9141-A36CF860AE56}.Debug|x86.Build.0 = Debug|x86
		{2B1DC928-7CC9-4D04-9141-A36CF860AE56}.Debug|x86.Deploy.0 = Debug|x86
		{2B1DC928-7CC9-4D04-9141-A36CF860AE56}.Release|Any CPU.ActiveCfg = Release|x86
		{2B1DC928-7CC9-4D04-9141-A36CF860AE56}.Release|ARM.ActiveCfg = Release|ARM
		{2B1DC928-7CC9-4D04-9141-A36CF860AE56}.Release|ARM.Build.0 = Release|ARM
		{2B1DC928-7CC9-4D04-9141-A36CF860AE56}.Release|ARM.Deploy.0 = Release|ARM
		{2B1DC928-7CC9-4D04-9141-A36CF860AE56}.Release|iPhone.ActiveCfg = Release|x86
		{2B1DC928-7CC9-4D04-9141-A36CF860AE56}.Release|iPhoneSimulator.ActiveCfg = Release|x86
		{2B1DC928-7CC9-4D04-9141-A36CF860AE56}.Release|x64.ActiveCfg = Release|x64
		{2B1DC928-7CC9-4D04-9141-A36CF860AE56}.Release|x64.Build.0 = Release|x64
		{2B1DC928-7CC9-4D04-9141-A36CF860AE56}.Release|x64.Deploy.0 = Release|x64
		{2B1DC928-7CC9-4D04-9141-A36CF860AE56}.Release|x86.ActiveCfg = Release|x86
		{2B1DC928-7CC9-4D04-9141-A36CF860AE56}.Release|x86.Build.0 = Release|x86
		{2B1DC928-7CC9-4D04-9141-A36CF860AE56}.Release|x86.Deploy.0 = Release|x86
		{B29585EA-6AD5-40EC-BB05-2027B940A140}.Ad-Hoc|Any CPU.ActiveCfg = Ad-Hoc|iPhoneSimulator
		{B29585EA-6AD5-40EC-BB05-2027B940A140}.Ad-Hoc|ARM.ActiveCfg = Ad-Hoc|iPhone
		{B29585EA-6AD5-40EC-BB05-2027B940A140}.Ad-Hoc|iPhone.ActiveCfg = Ad-Hoc|iPhone
		{B29585EA-6AD5-40EC-BB05-2027B940A140}.Ad-Hoc|iPhone.Build.0 = Ad-Hoc|iPhone
		{B29585EA-6AD5-40EC-BB05-2027B940A140}.Ad-Hoc|iPhoneSimulator.ActiveCfg = Ad-Hoc|iPhoneSimulator
		{B29585EA-6AD5-40EC-BB05-2027B940A140}.Ad-Hoc|iPhoneSimulator.Build.0 = Ad-Hoc|iPhoneSimulator
		{B29585EA-6AD5-40EC-BB05-2027B940A140}.Ad-Hoc|x64.ActiveCfg = Ad-Hoc|iPhone
		{B29585EA-6AD5-40EC-BB05-2027B940A140}.Ad-Hoc|x86.ActiveCfg = Ad-Hoc|iPhone
		{B29585EA-6AD5-40EC-BB05-2027B940A140}.AppStore|Any CPU.ActiveCfg = AppStore|iPhoneSimulator
		{B29585EA-6AD5-40EC-BB05-2027B940A140}.AppStore|ARM.ActiveCfg = AppStore|iPhone
		{B29585EA-6AD5-40EC-BB05-2027B940A140}.AppStore|iPhone.ActiveCfg = AppStore|iPhone
		{B29585EA-6AD5-40EC-BB05-2027B940A140}.AppStore|iPhone.Build.0 = AppStore|iPhone
		{B29585EA-6AD5-40EC-BB05-2027B940A140}.AppStore|iPhoneSimulator.ActiveCfg = AppStore|iPhoneSimulator
		{B29585EA-6AD5-40EC-BB05-2027B940A140}.AppStore|iPhoneSimulator.Build.0 = AppStore|iPhoneSimulator
		{B29585EA-6AD5-40EC-BB05-2027B940A140}.AppStore|x64.ActiveCfg = AppStore|iPhone
		{B29585EA-6AD5-40EC-BB05-2027B940A140}.AppStore|x86.ActiveCfg = AppStore|iPhone
		{B29585EA-6AD5-40EC-BB05-2027B940A140}.Debug|Any CPU.ActiveCfg = Debug|iPhoneSimulator
		{B29585EA-6AD5-40EC-BB05-2027B940A140}.Debug|ARM.ActiveCfg = Debug|iPhone
		{B29585EA-6AD5-40EC-BB05-2027B940A140}.Debug|iPhone.ActiveCfg = Debug|iPhone
		{B29585EA-6AD5-40EC-BB05-2027B940A140}.Debug|iPhone.Build.0 = Debug|iPhone
		{B29585EA-6AD5-40EC-BB05-2027B940A140}.Debug|iPhoneSimulator.ActiveCfg = Debug|iPhoneSimulator
		{B29585EA-6AD5-40EC-BB05-2027B940A140}.Debug|iPhoneSimulator.Build.0 = Debug|iPhoneSimulator
		{B29585EA-6AD5-40EC-BB05-2027B940A140}.Debug|x64.ActiveCfg = Debug|iPhone
		{B29585EA-6AD5-40EC-BB05-2027B940A140}.Debug|x86.ActiveCfg = Debug|iPhone
		{B29585EA-6AD5-40EC-BB05-2027B940A140}.Release|Any CPU.ActiveCfg = Release|iPhoneSimulator
		{B29585EA-6AD5-40EC-BB05-2027B940A140}.Release|ARM.ActiveCfg = Release|iPhone
		{B29585EA-6AD5-40EC-BB05-2027B940A140}.Release|iPhone.ActiveCfg = Release|iPhone
		{B29585EA-6AD5-40EC-BB05-2027B940A140}.Release|iPhone.Build.0 = Release|iPhone
		{B29585EA-6AD5-40EC-BB05-2027B940A140}.Release|iPhoneSimulator.ActiveCfg = Release|iPhoneSimulator
		{B29585EA-6AD5-40EC-BB05-2027B940A140}.Release|iPhoneSimulator.Build.0 = Release|iPhoneSimulator
		{B29585EA-6AD5-40EC-BB05-2027B940A140}.Release|x64.ActiveCfg = Release|iPhone
		{B29585EA-6AD5-40EC-BB05-2027B940A140}.Release|x86.ActiveCfg = Release|iPhone
	EndGlobalSection
	GlobalSection(SolutionProperties) = preSolution
		HideSolutionNode = FALSE
	EndGlobalSection
	GlobalSection(ExtensibilityGlobals) = postSolution
		SolutionGuid = {AD65314E-1631-4F52-BD1A-BFE79EC7CF47}
	EndGlobalSection
EndGlobal
